<?xml version="1.0" encoding="UTF-8"?>
<Scheme
   version = "1.3">
   <BuildAction>
      <BuildActionEntries>
         <BuildActionEntry
            buildForRunning = "YES">
            <BuildableReference
               BuildableIdentifier = "primary"
               BlueprintIdentifier = "6DAB6EAA1623100A00D1922B"
               BuildableName = "Rage Masters.app"
               BlueprintName = "Rage Masters"
               ReferencedContainer = "container:Rage Masters.xcodeproj">
            </BuildableReference>
         </BuildActionEntry>
      </BuildActionEntries>
   </BuildAction>
   <LaunchAction
      useCustomWorkingDirectory = "NO"
      buildConfiguration = "Debug">
      <BuildableProductRunnable>
         <BuildableReference
            BuildableIdentifier = "primary"
            BlueprintIdentifier = "6DAB6EAA1623100A00D1922B"
            BuildableName = "Rage Masters.app"
            BlueprintName = "Rage Masters"
            ReferencedContainer = "container:Rage Masters.xcodeproj">
         </BuildableReference>
      </BuildableProductRunnable>
   </LaunchAction>
</Scheme>
